Microsoft Visual Studio Solution File, Format Version 12.00
# Visual Studio Version 17
VisualStudioVersion = 17.5.2.0
MinimumVisualStudioVersion = 10.0.40219.1
Project("{FAE04EC0-301F-11D3-BF4B-00C04F79EFBC}") = "SimpleWebServer", "SimpleWebServer.csproj", "{383212AC-3EAB-7279-010E-C876546B3220}"
EndProject
Global
	GlobalSection(SolutionConfigurationPlatforms) = preSolution
		Debug|Any CPU = Debug|Any CPU
		Release|Any CPU = Release|Any CPU
	EndGlobalSection
	GlobalSection(ProjectConfigurationPlatforms) = postSolution
		{383212AC-3EAB-7279-010E-C876546B3220}.Debug|Any CPU.ActiveCfg = Debug|Any CPU
		{383212AC-3EAB-7279-010E-C876546B3220}.Debug|Any CPU.Build.0 = Debug|Any CPU
		{383212AC-3EAB-7279-010E-C876546B3220}.Release|Any CPU.ActiveCfg = Release|Any CPU
		{383212AC-3EAB-7279-010E-C876546B3220}.Release|Any CPU.Build.0 = Release|Any CPU
	EndGlobalSection
	GlobalSection(SolutionProperties) = preSolution
		HideSolutionNode = FALSE
	EndGlobalSection
	GlobalSection(ExtensibilityGlobals) = postSolution
		SolutionGuid = {6A62FA12-AB3C-405E-8BD5-591EDA4EF1CB}
	EndGlobalSection
EndGlobal
